
Microsoft Visual Studio Solution File, Format Version 10.00
# Visual Studio 2008
Project("{8BC9CEB8-8B4A-11D0-8D11-00A0C91BC942}") = "KuGou", "KuGou\KuGou.vcproj", "{7BDF2C54-BD95-4AA0-B059-97838E5F9127}"
EndProject
Project("{8BC9CEB8-8B4A-11D0-8D11-00A0C91BC942}") = "DuiLib", "..\DuiLib\DuiLib.vcproj", "{E106ACD7-4E53-4AEE-942B-D0DD426DB34E}"
EndProject
Global
	GlobalSection(SolutionConfigurationPlatforms) = preSolution
		Debug|Win32 = Debug|Win32
		Release|Win32 = Release|Win32
		StaticDebug|Win32 = StaticDebug|Win32
		StaticRelease|Win32 = StaticRelease|Win32
	EndGlobalSection
	GlobalSection(ProjectConfigurationPlatforms) = postSolution
		{7BDF2C54-BD95-4AA0-B059-97838E5F9127}.Debug|Win32.ActiveCfg = Debug|Win32
		{7BDF2C54-BD95-4AA0-B059-97838E5F9127}.Debug|Win32.Build.0 = Debug|Win32
		{7BDF2C54-BD95-4AA0-B059-97838E5F9127}.Release|Win32.ActiveCfg = Release|Win32
		{7BDF2C54-BD95-4AA0-B059-97838E5F9127}.Release|Win32.Build.0 = Release|Win32
		{7BDF2C54-BD95-4AA0-B059-97838E5F9127}.StaticDebug|Win32.ActiveCfg = StaticDebug|Win32
		{7BDF2C54-BD95-4AA0-B059-97838E5F9127}.StaticDebug|Win32.Build.0 = StaticDebug|Win32
		{7BDF2C54-BD95-4AA0-B059-97838E5F9127}.StaticRelease|Win32.ActiveCfg = StaticRelease|Win32
		{7BDF2C54-BD95-4AA0-B059-97838E5F9127}.StaticRelease|Win32.Build.0 = StaticRelease|Win32
		{E106ACD7-4E53-4AEE-942B-D0DD426DB34E}.Debug|Win32.ActiveCfg = Debug|Win32
		{E106ACD7-4E53-4AEE-942B-D0DD426DB34E}.Debug|Win32.Build.0 = Debug|Win32
		{E106ACD7-4E53-4AEE-942B-D0DD426DB34E}.Release|Win32.ActiveCfg = Release|Win32
		{E106ACD7-4E53-4AEE-942B-D0DD426DB34E}.Release|Win32.Build.0 = Release|Win32
		{E106ACD7-4E53-4AEE-942B-D0DD426DB34E}.StaticDebug|Win32.ActiveCfg = StaticDebug|Win32
		{E106ACD7-4E53-4AEE-942B-D0DD426DB34E}.StaticDebug|Win32.Build.0 = StaticDebug|Win32
		{E106ACD7-4E53-4AEE-942B-D0DD426DB34E}.StaticRelease|Win32.ActiveCfg = StaticRelease|Win32
		{E106ACD7-4E53-4AEE-942B-D0DD426DB34E}.StaticRelease|Win32.Build.0 = StaticRelease|Win32
	EndGlobalSection
	GlobalSection(SolutionProperties) = preSolution
		HideSolutionNode = FALSE
	EndGlobalSection
EndGlobal
